// !$*UTF8*$!
{
	archiveVersion = 1;
	classes = {
	};
	objectVersion = 56;
	objects = {

/* Begin PBXBuildFile section */
		8316BECC2A8224FB00A79564 /* AppDelegate.swift in Sources */ = {isa = PBXBuildFile; fileRef = 8316BECB2A8224FB00A79564 /* AppDelegate.swift */; };
		8316BECE2A8224FB00A79564 /* SceneDelegate.swift in Sources */ = {isa = PBXBuildFile; fileRef = 8316BECD2A8224FB00A79564 /* SceneDelegate.swift */; };
		8316BED02A8224FB00A79564 /* ViewController.swift in Sources */ = {isa = PBXBuildFile; fileRef = 8316BECF2A8224FB00A79564 /* ViewController.swift */; };
		8316BED32A8224FB00A79564 /* Main.storyboard in Resources */ = {isa = PBXBuildFile; fileRef = 8316BED12A8224FB00A79564 /* Main.storyboard */; };
		8316BED52A8224FD00A79564 /* Assets.xcassets in Resources */ = {isa = PBXBuildFile; fileRef = 8316BED42A8224FD00A79564 /* Assets.xcassets */; };
		8316BED82A8224FD00A79564 /* LaunchScreen.storyboard in Resources */ = {isa = PBXBuildFile; fileRef = 8316BED62A8224FD00A79564 /* LaunchScreen.storyboard */; };
		8316BEE32A8224FE00A79564 /* TicTacToe_projectTests.swift in Sources */ = {isa = PBXBuildFile; fileRef = 8316BEE22A8224FE00A79564 /* TicTacToe_projectTests.swift */; };
		8316BEED2A8224FE00A79564 /* TicTacToe_projectUITests.swift in Sources */ = {isa = PBXBuildFile; fileRef = 8316BEEC2A8224FE00A79564 /* TicTacToe_projectUITests.swift */; };
		8316BEEF2A8224FE00A79564 /* TicTacToe_projectUITestsLaunchTests.swift in Sources */ = {isa = PBXBuildFile; fileRef = 8316BEEE2A8224FE00A79564 /* TicTacToe_projectUITestsLaunchTests.swift */; };
/* End PBXBuildFile section */

/* Begin PBXContainerItemProxy section */
		8316BEDF2A8224FE00A79564 /* PBXContainerItemProxy */ = {
			isa = PBXContainerItemProxy;
			containerPortal = 8316BEC02A8224FB00A79564 /* Project object */;
			proxyType = 1;
			remoteGlobalIDString = 8316BEC72A8224FB00A79564;
			remoteInfo = "TicTacToe-project";
		};
		8316BEE92A8224FE00A79564 /* PBXContainerItemProxy */ = {
			isa = PBXContainerItemProxy;
			containerPortal = 8316BEC02A8224FB00A79564 /* Project object */;
			proxyType = 1;
			remoteGlobalIDString = 8316BEC72A8224FB00A79564;
			remoteInfo = "TicTacToe-project";
		};
/* End PBXContainerItemProxy section */

/* Begin PBXFileReference section */
		8316BEC82A8224FB00A79564 /* TicTacToe-project.app */ = {isa = PBXFileReference; explicitFileType = wrapper.application; includeInIndex = 0; path = "TicTacToe-project.app"; sourceTree = BUILT_PRODUCTS_DIR; };
		8316BECB2A8224FB00A79564 /* AppDelegate.swift */ = {isa = PBXFileReference; lastKnownFileType = sourcecode.swift; path = AppDelegate.swift; sourceTree = "<group>"; };
		8316BECD2A8224FB00A79564 /* SceneDelegate.swift */ = {isa = PBXFileReference; lastKnownFileType = sourcecode.swift; path = SceneDelegate.swift; sourceTree = "<group>"; };
		8316BECF2A8224FB00A79564 /* ViewController.swift */ = {isa = PBXFileReference; lastKnownFileType = sourcecode.swift; path = ViewController.swift; sourceTree = "<group>"; };
		8316BED22A8224FB00A79564 /* Base */ = {isa = PBXFileReference; lastKnownFileType = file.storyboard; name = Base; path = Base.lproj/Main.storyboard; sourceTree = "<group>"; };
		8316BED42A8224FD00A79564 /* Assets.xcassets */ = {isa = PBXFileReference; lastKnownFileType = folder.assetcatalog; path = Assets.xcassets; sourceTree = "<group>"; };
		8316BED72A8224FD00A79564 /* Base */ = {isa = PBXFileReference; lastKnownFileType = file.storyboard; name = Base; path = Base.lproj/LaunchScreen.storyboard; sourceTree = "<group>"; };
		8316BED92A8224FD00A79564 /* Info.plist */ = {isa = PBXFileReference; lastKnownFileType = text.plist.xml; path = Info.plist; sourceTree = "<group>"; };
		8316BEDE2A8224FE00A79564 /* TicTacToe-projectTests.xctest */ = {isa = PBXFileReference; explicitFileType = wrapper.cfbundle; includeInIndex = 0; path = "TicTacToe-projectTests.xctest"; sourceTree = BUILT_PRODUCTS_DIR; };
		8316BEE22A8224FE00A79564 /* TicTacToe_projectTests.swift */ = {isa = PBXFileReference; lastKnownFileType = sourcecode.swift; path = TicTacToe_projectTests.swift; sourceTree = "<group>"; };
		8316BEE82A8224FE00A79564 /* TicTacToe-projectUITests.xctest */ = {isa = PBXFileReference; explicitFileType = wrapper.cfbundle; includeInIndex = 0; path = "TicTacToe-projectUITests.xctest"; sourceTree = BUILT_PRODUCTS_DIR; };
		8316BEEC2A8224FE00A79564 /* TicTacToe_projectUITests.swift */ = {isa = PBXFileReference; lastKnownFileType = sourcecode.swift; path = TicTacToe_projectUITests.swift; sourceTree = "<group>"; };
		8316BEEE2A8224FE00A79564 /* TicTacToe_projectUITestsLaunchTests.swift */ = {isa = PBXFileReference; lastKnownFileType = sourcecode.swift; path = TicTacToe_projectUITestsLaunchTests.swift; sourceTree = "<group>"; };
/* End PBXFileReference section */

/* Begin PBXFrameworksBuildPhase section */
		8316BEC52A8224FB00A79564 /* Frameworks */ = {
			isa = PBXFrameworksBuildPhase;
			buildActionMask = 2147483647;
			files = (
			);
			runOnlyForDeploymentPostprocessing = 0;
		};
		8316BEDB2A8224FE00A79564 /* Frameworks */ = {
			isa = PBXFrameworksBuildPhase;
			buildActionMask = 2147483647;
			files = (
			);
			runOnlyForDeploymentPostprocessing = 0;
		};
		8316BEE52A8224FE00A79564 /* Frameworks */ = {
			isa = PBXFrameworksBuildPhase;
			buildActionMask = 2147483647;
			files = (
			);
			runOnlyForDeploymentPostprocessing = 0;
		};
/* End PBXFrameworksBuildPhase section */

/* Begin PBXGroup section */
		8316BEBF2A8224FB00A79564 = {
			isa = PBXGroup;
			children = (
				8316BECA2A8224FB00A79564 /* TicTacToe-project */,
				8316BEE12A8224FE00A79564 /* TicTacToe-projectTests */,
				8316BEEB2A8224FE00A79564 /* TicTacToe-projectUITests */,
				8316BEC92A8224FB00A79564 /* Products */,
			);
			sourceTree = "<group>";
		};
		8316BEC92A8224FB00A79564 /* Products */ = {
			isa = PBXGroup;
			children = (
				8316BEC82A8224FB00A79564 /* TicTacToe-project.app */,
				8316BEDE2A8224FE00A79564 /* TicTacToe-projectTests.xctest */,
				8316BEE82A8224FE00A79564 /* TicTacToe-projectUITests.xctest */,
			);
			name = Products;
			sourceTree = "<group>";
		};
		8316BECA2A8224FB00A79564 /* TicTacToe-project */ = {
			isa = PBXGroup;
			children = (
				8316BECB2A8224FB00A79564 /* AppDelegate.swift */,
				8316BECD2A8224FB00A79564 /* SceneDelegate.swift */,
				8316BECF2A8224FB00A79564 /* ViewController.swift */,
				8316BED12A8224FB00A79564 /* Main.storyboard */,
				8316BED42A8224FD00A79564 /* Assets.xcassets */,
				8316BED62A8224FD00A79564 /* LaunchScreen.storyboard */,
				8316BED92A8224FD00A79564 /* Info.plist */,
			);
			path = "TicTacToe-project";
			sourceTree = "<group>";
		};
		8316BEE12A8224FE00A79564 /* TicTacToe-projectTests */ = {
			isa = PBXGroup;
			children = (
				8316BEE22A8224FE00A79564 /* TicTacToe_projectTests.swift */,
			);
			path = "TicTacToe-projectTests";
			sourceTree = "<group>";
		};
		8316BEEB2A8224FE00A79564 /* TicTacToe-projectUITests */ = {
			isa = PBXGroup;
			children = (
				8316BEEC2A8224FE00A79564 /* TicTacToe_projectUITests.swift */,
				8316BEEE2A8224FE00A79564 /* TicTacToe_projectUITestsLaunchTests.swift */,
			);
			path = "TicTacToe-projectUITests";
			sourceTree = "<group>";
		};
/* End PBXGroup section */

/* Begin PBXNativeTarget section */
		8316BEC72A8224FB00A79564 /* TicTacToe-project */ = {
			isa = PBXNativeTarget;
			buildConfigurationList = 8316BEF22A8224FE00A79564 /* Build configuration list for PBXNativeTarget "TicTacToe-project" */;
			buildPhases = (
				8316BEC42A8224FB00A79564 /* Sources */,
				8316BEC52A8224FB00A79564 /* Frameworks */,
				8316BEC62A8224FB00A79564 /* Resources */,
			);
			buildRules = (
			);
			dependencies = (
			);
			name = "TicTacToe-project";
			productName = "TicTacToe-project";
			productReference = 8316BEC82A8224FB00A79564 /* TicTacToe-project.app */;
			productType = "com.apple.product-type.application";
		};
		8316BEDD2A8224FE00A79564 /* TicTacToe-projectTests */ = {
			isa = PBXNativeTarget;
			buildConfigurationList = 8316BEF52A8224FE00A79564 /* Build configuration list for PBXNativeTarget "TicTacToe-projectTests" */;
			buildPhases = (
				8316BEDA2A8224FE00A79564 /* Sources */,
				8316BEDB2A8224FE00A79564 /* Frameworks */,
				8316BEDC2A8224FE00A79564 /* Resources */,
			);
			buildRules = (
			);
			dependencies = (
				8316BEE02A8224FE00A79564 /* PBXTargetDependency */,
			);
			name = "TicTacToe-projectTests";
			productName = "TicTacToe-projectTests";
			productReference = 8316BEDE2A8224FE00A79564 /* TicTacToe-projectTests.xctest */;
			productType = "com.apple.product-type.bundle.unit-test";
		};
		8316BEE72A8224FE00A79564 /* TicTacToe-projectUITests */ = {
			isa = PBXNativeTarget;
			buildConfigurationList = 8316BEF82A8224FE00A79564 /* Build configuration list for PBXNativeTarget "TicTacToe-projectUITests" */;
			buildPhases = (
				8316BEE42A8224FE00A79564 /* Sources */,
				8316BEE52A8224FE00A79564 /* Frameworks */,
				8316BEE62A8224FE00A79564 /* Resources */,
			);
			buildRules = (
			);
			dependencies = (
				8316BEEA2A8224FE00A79564 /* PBXTargetDependency */,
			);
			name = "TicTacToe-projectUITests";
			productName = "TicTacToe-projectUITests";
			productReference = 8316BEE82A8224FE00A79564 /* TicTacToe-projectUITests.xctest */;
			productType = "com.apple.product-type.bundle.ui-testing";
		};
/* End PBXNativeTarget section */

/* Begin PBXProject section */
		8316BEC02A8224FB00A79564 /* Project object */ = {
			isa = PBXProject;
			attributes = {
				BuildIndependentTargetsInParallel = 1;
				LastSwiftUpdateCheck = 1430;
				LastUpgradeCheck = 1430;
				TargetAttributes = {
					8316BEC72A8224FB00A79564 = {
						CreatedOnToolsVersion = 14.3.1;
					};
					8316BEDD2A8224FE00A79564 = {
						CreatedOnToolsVersion = 14.3.1;
						TestTargetID = 8316BEC72A8224FB00A79564;
					};
					8316BEE72A8224FE00A79564 = {
						CreatedOnToolsVersion = 14.3.1;
						TestTargetID = 8316BEC72A8224FB00A79564;
					};
				};
			};
			buildConfigurationList = 8316BEC32A8224FB00A79564 /* Build configuration list for PBXProject "TicTacToe-project" */;
			compatibilityVersion = "Xcode 14.0";
			developmentRegion = en;
			hasScannedForEncodings = 0;
			knownRegions = (
				en,
				Base,
			);
			mainGroup = 8316BEBF2A8224FB00A79564;
			productRefGroup = 8316BEC92A8224FB00A79564 /* Products */;
			projectDirPath = "";
			projectRoot = "";
			targets = (
				8316BEC72A8224FB00A79564 /* TicTacToe-project */,
				8316BEDD2A8224FE00A79564 /* TicTacToe-projectTests */,
				8316BEE72A8224FE00A79564 /* TicTacToe-projectUITests */,
			);
		};
/* End PBXProject section */

/* Begin PBXResourcesBuildPhase section */
		8316BEC62A8224FB00A79564 /* Resources */ = {
			isa = PBXResourcesBuildPhase;
			buildActionMask = 2147483647;
			files = (
				8316BED82A8224FD00A79564 /* LaunchScreen.storyboard in Resources */,
				8316BED52A8224FD00A79564 /* Assets.xcassets in Resources */,
				8316BED32A8224FB00A79564 /* Main.storyboard in Resources */,
			);
			runOnlyForDeploymentPostprocessing = 0;
		};
		8316BEDC2A8224FE00A79564 /* Resources */ = {
			isa = PBXResourcesBuildPhase;
			buildActionMask = 2147483647;
			files = (
			);
			runOnlyForDeploymentPostprocessing = 0;
		};
		8316BEE62A8224FE00A79564 /* Resources */ = {
			isa = PBXResourcesBuildPhase;
			buildActionMask = 2147483647;
			files = (
			);
			runOnlyForDeploymentPostprocessing = 0;
		};
/* End PBXResourcesBuildPhase section */

/* Begin PBXSourcesBuildPhase section */
		8316BEC42A8224FB00A79564 /* Sources */ = {
			isa = PBXSourcesBuildPhase;
			buildActionMask = 2147483647;
			files = (
				8316BED02A8224FB00A79564 /* ViewController.swift in Sources */,
				8316BECC2A8224FB00A79564 /* AppDelegate.swift in Sources */,
				8316BECE2A8224FB00A79564 /* SceneDelegate.swift in Sources */,
			);
			runOnlyForDeploymentPostprocessing = 0;
		};
		8316BEDA2A8224FE00A79564 /* Sources */ = {
			isa = PBXSourcesBuildPhase;
			buildActionMask = 2147483647;
			files = (
				8316BEE32A8224FE00A79564 /* TicTacToe_projectTests.swift in Sources */,
			);
			runOnlyForDeploymentPostprocessing = 0;
		};
		8316BEE42A8224FE00A79564 /* Sources */ = {
			isa = PBXSourcesBuildPhase;
			buildActionMask = 2147483647;
			files = (
				8316BEED2A8224FE00A79564 /* TicTacToe_projectUITests.swift in Sources */,
				8316BEEF2A8224FE00A79564 /* TicTacToe_projectUITestsLaunchTests.swift in Sources */,
			);
			runOnlyForDeploymentPostprocessing = 0;
		};
/* End PBXSourcesBuildPhase section */

/* Begin PBXTargetDependency section */
		8316BEE02A8224FE00A79564 /* PBXTargetDependency */ = {
			isa = PBXTargetDependency;
			target = 8316BEC72A8224FB00A79564 /* TicTacToe-project */;
			targetProxy = 8316BEDF2A8224FE00A79564 /* PBXContainerItemProxy */;
		};
		8316BEEA2A8224FE00A79564 /* PBXTargetDependency */ = {
			isa = PBXTargetDependency;
			target = 8316BEC72A8224FB00A79564 /* TicTacToe-project */;
			targetProxy = 8316BEE92A8224FE00A79564 /* PBXContainerItemProxy */;
		};
/* End PBXTargetDependency section */

/* Begin PBXVariantGroup section */
		8316BED12A8224FB00A79564 /* Main.storyboard */ = {
			isa = PBXVariantGroup;
			children = (
				8316BED22A8224FB00A79564 /* Base */,
			);
			name = Main.storyboard;
			sourceTree = "<group>";
		};
		8316BED62A8224FD00A79564 /* LaunchScreen.storyboard */ = {
			isa = PBXVariantGroup;
			children = (
				8316BED72A8224FD00A79564 /* Base */,
			);
			name = LaunchScreen.storyboard;
			sourceTree = "<group>";
		};
/* End PBXVariantGroup section */

/* Begin XCBuildConfiguration section */
		8316BEF02A8224FE00A79564 /* Debug */ = {
			isa = XCBuildConfiguration;
			buildSettings = {
				ALWAYS_SEARCH_USER_PATHS = NO;
				CLANG_ANALYZER_NONNULL = YES;
				CLANG_ANALYZER_NUMBER_OBJECT_CONVERSION = YES_AGGRESSIVE;
				CLANG_CXX_LANGUAGE_STANDARD = "gnu++20";
				CLANG_ENABLE_MODULES = YES;
				CLANG_ENABLE_OBJC_ARC = YES;
				CLANG_ENABLE_OBJC_WEAK = YES;
				CLANG_WARN_BLOCK_CAPTURE_AUTORELEASING = YES;
				CLANG_WARN_BOOL_CONVERSION = YES;
				CLANG_WARN_COMMA = YES;
				CLANG_WARN_CONSTANT_CONVERSION = YES;
				CLANG_WARN_DEPRECATED_OBJC_IMPLEMENTATIONS = YES;
				CLANG_WARN_DIRECT_OBJC_ISA_USAGE = YES_ERROR;
				CLANG_WARN_DOCUMENTATION_COMMENTS = YES;
				CLANG_WARN_EMPTY_BODY = YES;
				CLANG_WARN_ENUM_CONVERSION = YES;
				CLANG_WARN_INFINITE_RECURSION = YES;
				CLANG_WARN_INT_CONVERSION = YES;
				CLANG_WARN_NON_LITERAL_NULL_CONVERSION = YES;
				CLANG_WARN_OBJC_IMPLICIT_RETAIN_SELF = YES;
				CLANG_WARN_OBJC_LITERAL_CONVERSION = YES;
				CLANG_WARN_OBJC_ROOT_CLASS = YES_ERROR;
				CLANG_WARN_QUOTED_INCLUDE_IN_FRAMEWORK_HEADER = YES;
				CLANG_WARN_RANGE_LOOP_ANALYSIS = YES;
				CLANG_WARN_STRICT_PROTOTYPES = YES;
				CLANG_WARN_SUSPICIOUS_MOVE = YES;
				CLANG_WARN_UNGUARDED_AVAILABILITY = YES_AGGRESSIVE;
				CLANG_WARN_UNREACHABLE_CODE = YES;
				CLANG_WARN__DUPLICATE_METHOD_MATCH = YES;
				COPY_PHASE_STRIP = NO;
				DEBUG_INFORMATION_FORMAT = dwarf;
				ENABLE_STRICT_OBJC_MSGSEND = YES;
				ENABLE_TESTABILITY = YES;
				GCC_C_LANGUAGE_STANDARD = gnu11;
				GCC_DYNAMIC_NO_PIC = NO;
				GCC_NO_COMMON_BLOCKS = YES;
				GCC_OPTIMIZATION_LEVEL = 0;
				GCC_PREPROCESSOR_DEFINITIONS = (
					"DEBUG=1",
					"$(inherited)",
				);
				GCC_WARN_64_TO_32_BIT_CONVERSION = YES;
				GCC_WARN_ABOUT_RETURN_TYPE = YES_ERROR;
				GCC_WARN_UNDECLARED_SELECTOR = YES;
				GCC_WARN_UNINITIALIZED_AUTOS = YES_AGGRESSIVE;
				GCC_WARN_UNUSED_FUNCTION = YES;
				GCC_WARN_UNUSED_VARIABLE = YES;
				IPHONEOS_DEPLOYMENT_TARGET = 16.4;
				MTL_ENABLE_DEBUG_INFO = INCLUDE_SOURCE;
				MTL_FAST_MATH = YES;
				ONLY_ACTIVE_ARCH = YES;
				SDKROOT = iphoneos;
				SWIFT_ACTIVE_COMPILATION_CONDITIONS = DEBUG;
				SWIFT_OPTIMIZATION_LEVEL = "-Onone";
			};
			name = Debug;
		};
		8316BEF12A8224FE00A79564 /* Release */ = {
			isa = XCBuildConfiguration;
			buildSettings = {
				ALWAYS_SEARCH_USER_PATHS = NO;
				CLANG_ANALYZER_NONNULL = YES;
				CLANG_ANALYZER_NUMBER_OBJECT_CONVERSION = YES_AGGRESSIVE;
				CLANG_CXX_LANGUAGE_STANDARD = "gnu++20";
				CLANG_ENABLE_MODULES = YES;
				CLANG_ENABLE_OBJC_ARC = YES;
				CLANG_ENABLE_OBJC_WEAK = YES;
				CLANG_WARN_BLOCK_CAPTURE_AUTORELEASING = YES;
				CLANG_WARN_BOOL_CONVERSION = YES;
				CLANG_WARN_COMMA = YES;
				CLANG_WARN_CONSTANT_CONVERSION = YES;
				CLANG_WARN_DEPRECATED_OBJC_IMPLEMENTATIONS = YES;
				CLANG_WARN_DIRECT_OBJC_ISA_USAGE = YES_ERROR;
				CLANG_WARN_DOCUMENTATION_COMMENTS = YES;
				CLANG_WARN_EMPTY_BODY = YES;
				CLANG_WARN_ENUM_CONVERSION = YES;
				CLANG_WARN_INFINITE_RECURSION = YES;
				CLANG_WARN_INT_CONVERSION = YES;
				CLANG_WARN_NON_LITERAL_NULL_CONVERSION = YES;
				CLANG_WARN_OBJC_IMPLICIT_RETAIN_SELF = YES;
				CLANG_WARN_OBJC_LITERAL_CONVERSION = YES;
				CLANG_WARN_OBJC_ROOT_CLASS = YES_ERROR;
				CLANG_WARN_QUOTED_INCLUDE_IN_FRAMEWORK_HEADER = YES;
				CLANG_WARN_RANGE_LOOP_ANALYSIS = YES;
				CLANG_WARN_STRICT_PROTOTYPES = YES;
				CLANG_WARN_SUSPICIOUS_MOVE = YES;
				CLANG_WARN_UNGUARDED_AVAILABILITY = YES_AGGRESSIVE;
				CLANG_WARN_UNREACHABLE_CODE = YES;
				CLANG_WARN__DUPLICATE_METHOD_MATCH = YES;
				COPY_PHASE_STRIP = NO;
				DEBUG_INFORMATION_FORMAT = "dwarf-with-dsym";
				ENABLE_NS_ASSERTIONS = NO;
				ENABLE_STRICT_OBJC_MSGSEND = YES;
				GCC_C_LANGUAGE_STANDARD = gnu11;
				GCC_NO_COMMON_BLOCKS = YES;
				GCC_WARN_64_TO_32_BIT_CONVERSION = YES;
				GCC_WARN_ABOUT_RETURN_TYPE = YES_ERROR;
				GCC_WARN_UNDECLARED_SELECTOR = YES;
				GCC_WARN_UNINITIALIZED_AUTOS = YES_AGGRESSIVE;
				GCC_WARN_UNUSED_FUNCTION = YES;
				GCC_WARN_UNUSED_VARIABLE = YES;
				IPHONEOS_DEPLOYMENT_TARGET = 16.4;
				MTL_ENABLE_DEBUG_INFO = NO;
				MTL_FAST_MATH = YES;
				SDKROOT = iphoneos;
				SWIFT_COMPILATION_MODE = wholemodule;
				SWIFT_OPTIMIZATION_LEVEL = "-O";
				VALIDATE_PRODUCT = YES;
			};
			name = Release;
		};
		8316BEF32A8224FE00A79564 /* Debug */ = {
			isa = XCBuildConfiguration;
			buildSettings = {
				ASSETCATALOG_COMPILER_APPICON_NAME = AppIcon;
				ASSETCATALOG_COMPILER_GLOBAL_ACCENT_COLOR_NAME = AccentColor;
				CODE_SIGN_STYLE = Automatic;
				CURRENT_PROJECT_VERSION = 1;
				GENERATE_INFOPLIST_FILE = YES;
				INFOPLIST_FILE = "TicTacToe-project/Info.plist";
				INFOPLIST_KEY_UIApplicationSupportsIndirectInputEvents = YES;
				INFOPLIST_KEY_UILaunchStoryboardName = LaunchScreen;
				INFOPLIST_KEY_UIMainStoryboardFile = Main;
				INFOPLIST_KEY_UISupportedInterfaceOrientations_iPad = "UIInterfaceOrientationPortrait UIInterfaceOrientationPortraitUpsideDown UIInterfaceOrientationLandscapeLeft UIInterfaceOrientationLandscapeRight";
				INFOPLIST_KEY_UISupportedInterfaceOrientations_iPhone = "UIInterfaceOrientationPortrait UIInterfaceOrientationLandscapeLeft UIInterfaceOrientationLandscapeRight";
				LD_RUNPATH_SEARCH_PATHS = (
					"$(inherited)",
					"@executable_path/Frameworks",
				);
				MARKETING_VERSION = 1.0;
				PRODUCT_BUNDLE_IDENTIFIER = "-.TicTacToe-project";
				PRODUCT_NAME = "$(TARGET_NAME)";
				SWIFT_EMIT_LOC_STRINGS = YES;
				SWIFT_VERSION = 5.0;
				TARGETED_DEVICE_FAMILY = "1,2";
			};
			name = Debug;
		};
		8316BEF42A8224FE00A79564 /* Release */ = {
			isa = XCBuildConfiguration;
			buildSettings = {
				ASSETCATALOG_COMPILER_APPICON_NAME = AppIcon;
				ASSETCATALOG_COMPILER_GLOBAL_ACCENT_COLOR_NAME = AccentColor;
				CODE_SIGN_STYLE = Automatic;
				CURRENT_PROJECT_VERSION = 1;
				GENERATE_INFOPLIST_FILE = YES;
				INFOPLIST_FILE = "TicTacToe-project/Info.plist";
				INFOPLIST_KEY_UIApplicationSupportsIndirectInputEvents = YES;
				INFOPLIST_KEY_UILaunchStoryboardName = LaunchScreen;
				INFOPLIST_KEY_UIMainStoryboardFile = Main;
				INFOPLIST_KEY_UISupportedInterfaceOrientations_iPad = "UIInterfaceOrientationPortrait UIInterfaceOrientationPortraitUpsideDown UIInterfaceOrientationLandscapeLeft UIInterfaceOrientationLandscapeRight";
				INFOPLIST_KEY_UISupportedInterfaceOrientations_iPhone = "UIInterfaceOrientationPortrait UIInterfaceOrientationLandscapeLeft UIInterfaceOrientationLandscapeRight";
				LD_RUNPATH_SEARCH_PATHS = (
					"$(inherited)",
					"@executable_path/Frameworks",
				);
				MARKETING_VERSION = 1.0;
				PRODUCT_BUNDLE_IDENTIFIER = "-.TicTacToe-project";
				PRODUCT_NAME = "$(TARGET_NAME)";
				SWIFT_EMIT_LOC_STRINGS = YES;
				SWIFT_VERSION = 5.0;
				TARGETED_DEVICE_FAMILY = "1,2";
			};
			name = Release;
		};
		8316BEF62A8224FE00A79564 /* Debug */ = {
			isa = XCBuildConfiguration;
			buildSettings = {
				ALWAYS_EMBED_SWIFT_STANDARD_LIBRARIES = YES;
				BUNDLE_LOADER = "$(TEST_HOST)";
				CODE_SIGN_STYLE = Automatic;
				CURRENT_PROJECT_VERSION = 1;
				GENERATE_INFOPLIST_FILE = YES;
				IPHONEOS_DEPLOYMENT_TARGET = 16.4;
				MARKETING_VERSION = 1.0;
				PRODUCT_BUNDLE_IDENTIFIER = "-.TicTacToe-projectTests";
				PRODUCT_NAME = "$(TARGET_NAME)";
				SWIFT_EMIT_LOC_STRINGS = NO;
				SWIFT_VERSION = 5.0;
				TARGETED_DEVICE_FAMILY = "1,2";
				TEST_HOST = "$(BUILT_PRODUCTS_DIR)/TicTacToe-project.app/$(BUNDLE_EXECUTABLE_FOLDER_PATH)/TicTacToe-project";
			};
			name = Debug;
		};
		8316BEF72A8224FE00A79564 /* Release */ = {
			isa = XCBuildConfiguration;
			buildSettings = {
				ALWAYS_EMBED_SWIFT_STANDARD_LIBRARIES = YES;
				BUNDLE_LOADER = "$(TEST_HOST)";
				CODE_SIGN_STYLE = Automatic;
				CURRENT_PROJECT_VERSION = 1;
				GENERATE_INFOPLIST_FILE = YES;
				IPHONEOS_DEPLOYMENT_TARGET = 16.4;
				MARKETING_VERSION = 1.0;
				PRODUCT_BUNDLE_IDENTIFIER = "-.TicTacToe-projectTests";
				PRODUCT_NAME = "$(TARGET_NAME)";
				SWIFT_EMIT_LOC_STRINGS = NO;
				SWIFT_VERSION = 5.0;
				TARGETED_DEVICE_FAMILY = "1,2";
				TEST_HOST = "$(BUILT_PRODUCTS_DIR)/TicTacToe-project.app/$(BUNDLE_EXECUTABLE_FOLDER_PATH)/TicTacToe-project";
			};
			name = Release;
		};
		8316BEF92A8224FE00A79564 /* Debug */ = {
			isa = XCBuildConfiguration;
			buildSettings = {
				ALWAYS_EMBED_SWIFT_STANDARD_LIBRARIES = YES;
				CODE_SIGN_STYLE = Automatic;
				CURRENT_PROJECT_VERSION = 1;
				GENERATE_INFOPLIST_FILE = YES;
				MARKETING_VERSION = 1.0;
				PRODUCT_BUNDLE_IDENTIFIER = "-.TicTacToe-projectUITests";
				PRODUCT_NAME = "$(TARGET_NAME)";
				SWIFT_EMIT_LOC_STRINGS = NO;
				SWIFT_VERSION = 5.0;
				TARGETED_DEVICE_FAMILY = "1,2";
				TEST_TARGET_NAME = "TicTacToe-project";
			};
			name = Debug;
		};
		8316BEFA2A8224FE00A79564 /* Release */ = {
			isa = XCBuildConfiguration;
			buildSettings = {
				ALWAYS_EMBED_SWIFT_STANDARD_LIBRARIES = YES;
				CODE_SIGN_STYLE = Automatic;
				CURRENT_PROJECT_VERSION = 1;
				GENERATE_INFOPLIST_FILE = YES;
				MARKETING_VERSION = 1.0;
				PRODUCT_BUNDLE_IDENTIFIER = "-.TicTacToe-projectUITests";
				PRODUCT_NAME = "$(TARGET_NAME)";
				SWIFT_EMIT_LOC_STRINGS = NO;
				SWIFT_VERSION = 5.0;
				TARGETED_DEVICE_FAMILY = "1,2";
				TEST_TARGET_NAME = "TicTacToe-project";
			};
			name = Release;
		};
/* End XCBuildConfiguration section */

/* Begin XCConfigurationList section */
		8316BEC32A8224FB00A79564 /* Build configuration list for PBXProject "TicTacToe-project" */ = {
			isa = XCConfigurationList;
			buildConfigurations = (
				8316BEF02A8224FE00A79564 /* Debug */,
				8316BEF12A8224FE00A79564 /* Release */,
			);
			defaultConfigurationIsVisible = 0;
			defaultConfigurationName = Release;
		};
		8316BEF22A8224FE00A79564 /* Build configuration list for PBXNativeTarget "TicTacToe-project" */ = {
			isa = XCConfigurationList;
			buildConfigurations = (
				8316BEF32A8224FE00A79564 /* Debug */,
				8316BEF42A8224FE00A79564 /* Release */,
			);
			defaultConfigurationIsVisible = 0;
			defaultConfigurationName = Release;
		};
		8316BEF52A8224FE00A79564 /* Build configuration list for PBXNativeTarget "TicTacToe-projectTests" */ = {
			isa = XCConfigurationList;
			buildConfigurations = (
				8316BEF62A8224FE00A79564 /* Debug */,
				8316BEF72A8224FE00A79564 /* Release */,
			);
			defaultConfigurationIsVisible = 0;
			defaultConfigurationName = Release;
		};
		8316BEF82A8224FE00A79564 /* Build configuration list for PBXNativeTarget "TicTacToe-projectUITests" */ = {
			isa = XCConfigurationList;
			buildConfigurations = (
				8316BEF92A8224FE00A79564 /* Debug */,
				8316BEFA2A8224FE00A79564 /* Release */,
			);
			defaultConfigurationIsVisible = 0;
			defaultConfigurationName = Release;
		};
/* End XCConfigurationList section */
	};
	rootObject = 8316BEC02A8224FB00A79564 /* Project object */;
}
